
Microsoft Visual Studio Solution File, Format Version 12.00
# Visual Studio 14
VisualStudioVersion = 14.0.25123.0
MinimumVisualStudioVersion = 10.0.40219.1
Project("{FAE04EC0-301F-11D3-BF4B-00C04F79EFBC}") = "ModelLayer", "ModelLayer\ModelLayer.csproj", "{C6D7596E-4F1F-417A-A7E5-F54309B207ED}"
EndProject
Project("{FAE04EC0-301F-11D3-BF4B-00C04F79EFBC}") = "ControlerLayer", "ControlerLayer\ControlerLayer.csproj", "{6D774D92-6469-4C01-AEA9-F5BE09E04829}"
EndProject
Project("{FAE04EC0-301F-11D3-BF4B-00C04F79EFBC}") = "DBLayer", "DBLayer\DBLayer.csproj", "{5C69AFDF-DDBD-47C8-8973-962B7B0279EB}"
EndProject
Project("{FAE04EC0-301F-11D3-BF4B-00C04F79EFBC}") = "WCFServices", "WCFServices\WCFServices.csproj", "{92FA7922-102D-401D-947B-E5836F2E5D50}"
EndProject
Global
	GlobalSection(SolutionConfigurationPlatforms) = preSolution
		Debug|Any CPU = Debug|Any CPU
		Release|Any CPU = Release|Any CPU
	EndGlobalSection
	GlobalSection(ProjectConfigurationPlatforms) = postSolution
		{C6D7596E-4F1F-417A-A7E5-F54309B207ED}.Debug|Any CPU.ActiveCfg = Debug|Any CPU
		{C6D7596E-4F1F-417A-A7E5-F54309B207ED}.Debug|Any CPU.Build.0 = Debug|Any CPU
		{C6D7596E-4F1F-417A-A7E5-F54309B207ED}.Release|Any CPU.ActiveCfg = Release|Any CPU
		{C6D7596E-4F1F-417A-A7E5-F54309B207ED}.Release|Any CPU.Build.0 = Release|Any CPU
		{6D774D92-6469-4C01-AEA9-F5BE09E04829}.Debug|Any CPU.ActiveCfg = Debug|Any CPU
		{6D774D92-6469-4C01-AEA9-F5BE09E04829}.Debug|Any CPU.Build.0 = Debug|Any CPU
		{6D774D92-6469-4C01-AEA9-F5BE09E04829}.Release|Any CPU.ActiveCfg = Release|Any CPU
		{6D774D92-6469-4C01-AEA9-F5BE09E04829}.Release|Any CPU.Build.0 = Release|Any CPU
		{5C69AFDF-DDBD-47C8-8973-962B7B0279EB}.Debug|Any CPU.ActiveCfg = Debug|Any CPU
		{5C69AFDF-DDBD-47C8-8973-962B7B0279EB}.Debug|Any CPU.Build.0 = Debug|Any CPU
		{5C69AFDF-DDBD-47C8-8973-962B7B0279EB}.Release|Any CPU.ActiveCfg = Release|Any CPU
		{5C69AFDF-DDBD-47C8-8973-962B7B0279EB}.Release|Any CPU.Build.0 = Release|Any CPU
		{92FA7922-102D-401D-947B-E5836F2E5D50}.Debug|Any CPU.ActiveCfg = Debug|Any CPU
		{92FA7922-102D-401D-947B-E5836F2E5D50}.Debug|Any CPU.Build.0 = Debug|Any CPU
		{92FA7922-102D-401D-947B-E5836F2E5D50}.Release|Any CPU.ActiveCfg = Release|Any CPU
		{92FA7922-102D-401D-947B-E5836F2E5D50}.Release|Any CPU.Build.0 = Release|Any CPU
	EndGlobalSection
	GlobalSection(SolutionProperties) = preSolution
		HideSolutionNode = FALSE
	EndGlobalSection
EndGlobal
